
Microsoft Visual Studio Solution File, Format Version 12.00
# Visual Studio 2013
VisualStudioVersion = 12.0.21005.1
MinimumVisualStudioVersion = 10.0.40219.1
Project("{61046563-2104-403A-ADD6-F3996751D261}") = "KeyNode", "KeyNode\KeyNode.csproj", "{BF767337-2840-41C2-9405-09DB503CF71C}"
EndProject
Global
	GlobalSection(SolutionConfigurationPlatforms) = preSolution
		Debug|Any CPU = Debug|Any CPU
		Release|Any CPU = Release|Any CPU
	EndGlobalSection
	GlobalSection(ProjectConfigurationPlatforms) = postSolution
		{BF767337-2840-41C2-9405-09DB503CF71C}.Debug|Any CPU.ActiveCfg = Debug|Any CPU
		{BF767337-2840-41C2-9405-09DB503CF71C}.Debug|Any CPU.Build.0 = Debug|Any CPU
		{BF767337-2840-41C2-9405-09DB503CF71C}.Release|Any CPU.ActiveCfg = Release|Any CPU
		{BF767337-2840-41C2-9405-09DB503CF71C}.Release|Any CPU.Build.0 = Release|Any CPU
	EndGlobalSection
	GlobalSection(SolutionProperties) = preSolution
		HideSolutionNode = FALSE
	EndGlobalSection
	GlobalSection(ExtensibilityGlobals) = postSolution
		SolutionGuid = {61046563-2104-403A-ADD6-F3996751D261}
	EndGlobalSection
EndGlobal
